
Microsoft Visual Studio Solution File, Format Version 12.00
# Visual Studio 2015
Project("{FAE04EC0-301F-11D3-BF4B-00C04F79EFBC}") = "Pixeless.CSharp", "Pixeless.CSharp.csproj", "{378B782B-D793-2937-16E5-AC9E3140ACCD}"
EndProject
Global
	GlobalSection(SolutionConfigurationPlatforms) = preSolution
		Debug|Any CPU = Debug|Any CPU
		Release|Any CPU = Release|Any CPU
	EndGlobalSection
	GlobalSection(ProjectConfigurationPlatforms) = postSolution
		{378B782B-D793-2937-16E5-AC9E3140ACCD}.Debug|Any CPU.ActiveCfg = Debug|Any CPU
		{378B782B-D793-2937-16E5-AC9E3140ACCD}.Debug|Any CPU.Build.0 = Debug|Any CPU
		{378B782B-D793-2937-16E5-AC9E3140ACCD}.Release|Any CPU.ActiveCfg = Release|Any CPU
		{378B782B-D793-2937-16E5-AC9E3140ACCD}.Release|Any CPU.Build.0 = Release|Any CPU
	EndGlobalSection
	GlobalSection(SolutionProperties) = preSolution
		HideSolutionNode = FALSE
	EndGlobalSection
EndGlobal
